
Microsoft Visual Studio Solution File, Format Version 12.00
# Visual Studio 15
VisualStudioVersion = 15.0.27703.2042
MinimumVisualStudioVersion = 10.0.40219.1
Project("{FAE04EC0-301F-11D3-BF4B-00C04F79EFBC}") = "WebApiPresidents", "WebApplication1\WebApiPresidents.csproj", "{A38D6532-5960-4ABD-94F8-41C4F667A080}"
EndProject
Project("{FAE04EC0-301F-11D3-BF4B-00C04F79EFBC}") = "WebApiPresidentsTests", "WebApiPresidentsTests\WebApiPresidentsTests.csproj", "{C9CEE4EF-E073-4FFA-9436-4C6811455996}"
EndProject
Global
	GlobalSection(SolutionConfigurationPlatforms) = preSolution
		Debug|Any CPU = Debug|Any CPU
		Release|Any CPU = Release|Any CPU
	EndGlobalSection
	GlobalSection(ProjectConfigurationPlatforms) = postSolution
		{A38D6532-5960-4ABD-94F8-41C4F667A080}.Debug|Any CPU.ActiveCfg = Debug|Any CPU
		{A38D6532-5960-4ABD-94F8-41C4F667A080}.Debug|Any CPU.Build.0 = Debug|Any CPU
		{A38D6532-5960-4ABD-94F8-41C4F667A080}.Release|Any CPU.ActiveCfg = Release|Any CPU
		{A38D6532-5960-4ABD-94F8-41C4F667A080}.Release|Any CPU.Build.0 = Release|Any CPU
		{C9CEE4EF-E073-4FFA-9436-4C6811455996}.Debug|Any CPU.ActiveCfg = Debug|Any CPU
		{C9CEE4EF-E073-4FFA-9436-4C6811455996}.Debug|Any CPU.Build.0 = Debug|Any CPU
		{C9CEE4EF-E073-4FFA-9436-4C6811455996}.Release|Any CPU.ActiveCfg = Release|Any CPU
		{C9CEE4EF-E073-4FFA-9436-4C6811455996}.Release|Any CPU.Build.0 = Release|Any CPU
	EndGlobalSection
	GlobalSection(SolutionProperties) = preSolution
		HideSolutionNode = FALSE
	EndGlobalSection
	GlobalSection(ExtensibilityGlobals) = postSolution
		SolutionGuid = {1352F48F-5C5C-47D6-BF01-71926DFCA310}
	EndGlobalSection
EndGlobal
