
Microsoft Visual Studio Solution File, Format Version 12.00
# Visual Studio 2013
VisualStudioVersion = 12.0.40629.0
MinimumVisualStudioVersion = 10.0.40219.1
Project("{FAE04EC0-301F-11D3-BF4B-00C04F79EFBC}") = "Datos", "Datos\Datos.csproj", "{D2B0AFAA-36FA-4804-809A-C91877BADA34}"
EndProject
Project("{FAE04EC0-301F-11D3-BF4B-00C04F79EFBC}") = "Entidades", "Entidades\Entidades.csproj", "{BC3DE5C0-363D-4E5F-9D25-995FD84DC66A}"
EndProject
Project("{FAE04EC0-301F-11D3-BF4B-00C04F79EFBC}") = "Logica", "Logica\Logica.csproj", "{F419EB1F-E4B5-49CC-96C8-CAFDC04A4E22}"
EndProject
Project("{FAE04EC0-301F-11D3-BF4B-00C04F79EFBC}") = "Presentacion", "Presentacion\Presentacion.csproj", "{1A3E9AA7-EB70-4C75-AB96-2AFEE0156B3A}"
EndProject
Project("{FAE04EC0-301F-11D3-BF4B-00C04F79EFBC}") = "Servicios", "Servicios\Servicios.csproj", "{5384FA04-3EF6-498C-AC81-3E3DAD34BFAB}"
EndProject
Project("{FAE04EC0-301F-11D3-BF4B-00C04F79EFBC}") = "Componentes", "Componentes\Componentes.csproj", "{E31B7350-176A-49C3-AC23-4FFA74A89B57}"
EndProject
Global
	GlobalSection(SolutionConfigurationPlatforms) = preSolution
		Debug|Any CPU = Debug|Any CPU
		Release|Any CPU = Release|Any CPU
	EndGlobalSection
	GlobalSection(ProjectConfigurationPlatforms) = postSolution
		{D2B0AFAA-36FA-4804-809A-C91877BADA34}.Debug|Any CPU.ActiveCfg = Debug|Any CPU
		{D2B0AFAA-36FA-4804-809A-C91877BADA34}.Debug|Any CPU.Build.0 = Debug|Any CPU
		{D2B0AFAA-36FA-4804-809A-C91877BADA34}.Release|Any CPU.ActiveCfg = Release|Any CPU
		{D2B0AFAA-36FA-4804-809A-C91877BADA34}.Release|Any CPU.Build.0 = Release|Any CPU
		{BC3DE5C0-363D-4E5F-9D25-995FD84DC66A}.Debug|Any CPU.ActiveCfg = Debug|Any CPU
		{BC3DE5C0-363D-4E5F-9D25-995FD84DC66A}.Debug|Any CPU.Build.0 = Debug|Any CPU
		{BC3DE5C0-363D-4E5F-9D25-995FD84DC66A}.Release|Any CPU.ActiveCfg = Release|Any CPU
		{BC3DE5C0-363D-4E5F-9D25-995FD84DC66A}.Release|Any CPU.Build.0 = Release|Any CPU
		{F419EB1F-E4B5-49CC-96C8-CAFDC04A4E22}.Debug|Any CPU.ActiveCfg = Debug|Any CPU
		{F419EB1F-E4B5-49CC-96C8-CAFDC04A4E22}.Debug|Any CPU.Build.0 = Debug|Any CPU
		{F419EB1F-E4B5-49CC-96C8-CAFDC04A4E22}.Release|Any CPU.ActiveCfg = Release|Any CPU
		{F419EB1F-E4B5-49CC-96C8-CAFDC04A4E22}.Release|Any CPU.Build.0 = Release|Any CPU
		{1A3E9AA7-EB70-4C75-AB96-2AFEE0156B3A}.Debug|Any CPU.ActiveCfg = Debug|Any CPU
		{1A3E9AA7-EB70-4C75-AB96-2AFEE0156B3A}.Debug|Any CPU.Build.0 = Debug|Any CPU
		{1A3E9AA7-EB70-4C75-AB96-2AFEE0156B3A}.Release|Any CPU.ActiveCfg = Release|Any CPU
		{1A3E9AA7-EB70-4C75-AB96-2AFEE0156B3A}.Release|Any CPU.Build.0 = Release|Any CPU
		{5384FA04-3EF6-498C-AC81-3E3DAD34BFAB}.Debug|Any CPU.ActiveCfg = Debug|Any CPU
		{5384FA04-3EF6-498C-AC81-3E3DAD34BFAB}.Debug|Any CPU.Build.0 = Debug|Any CPU
		{5384FA04-3EF6-498C-AC81-3E3DAD34BFAB}.Release|Any CPU.ActiveCfg = Release|Any CPU
		{5384FA04-3EF6-498C-AC81-3E3DAD34BFAB}.Release|Any CPU.Build.0 = Release|Any CPU
		{E31B7350-176A-49C3-AC23-4FFA74A89B57}.Debug|Any CPU.ActiveCfg = Debug|Any CPU
		{E31B7350-176A-49C3-AC23-4FFA74A89B57}.Debug|Any CPU.Build.0 = Debug|Any CPU
		{E31B7350-176A-49C3-AC23-4FFA74A89B57}.Release|Any CPU.ActiveCfg = Release|Any CPU
		{E31B7350-176A-49C3-AC23-4FFA74A89B57}.Release|Any CPU.Build.0 = Release|Any CPU
	EndGlobalSection
	GlobalSection(SolutionProperties) = preSolution
		HideSolutionNode = FALSE
	EndGlobalSection
EndGlobal
